PODS:
  - MultiPlatformLibrary (0.1.0)

DEPENDENCIES:
  - MultiPlatformLibrary (from `../mpp-library`)

EXTERNAL SOURCES:
  MultiPlatformLibrary:
    :path: "../mpp-library"

SPEC CHECKSUMS:
  MultiPlatformLibrary: bcc3cf3919bec45c134090b11abd072e73e82e37

PODFILE CHECKSUM: f02f071e13bda07c0fef717fc00fab294cd42253

COCOAPODS: 1.15.2
