PODS:
  - MultiPlatformLibrary (0.1.0)

DEPENDENCIES:
  - MultiPlatformLibrary (from `../mpp-library`)

EXTERNAL SOURCES:
  MultiPlatformLibrary:
    :path: "../mpp-library"

SPEC CHECKSUMS:
  MultiPlatformLibrary: e90154651f2068415822dc37193df246c92e7b2a

PODFILE CHECKSUM: f02f071e13bda07c0fef717fc00fab294cd42253

COCOAPODS: 1.15.2
