PODS:
  - MultiPlatformLibrary (0.1.0)

DEPENDENCIES:
  - MultiPlatformLibrary (from `../mpp-library`)

EXTERNAL SOURCES:
  MultiPlatformLibrary:
    :path: "../mpp-library"

SPEC CHECKSUMS:
  MultiPlatformLibrary: cd722dcacda18e0f3b888e477d2bf1743af85ee1

PODFILE CHECKSUM: 1b71d80cc7f81711555670bda957555a8503b31a

COCOAPODS: 1.8.3
